
Microsoft Visual Studio Solution File, Format Version 12.00
# Visual Studio Version 17
VisualStudioVersion = 17.9.34607.119
MinimumVisualStudioVersion = 10.0.40219.1
Project("{FAE04EC0-301F-11D3-BF4B-00C04F79EFBC}") = "Sha Task", "Sha Task\Sha Task.csproj", "{73BF4A6E-052E-4D61-992A-9F6FAA47B23B}"
EndProject
Global
	GlobalSection(SolutionConfigurationPlatforms) = preSolution
		Debug|Any CPU = Debug|Any CPU
		Release|Any CPU = Release|Any CPU
	EndGlobalSection
	GlobalSection(ProjectConfigurationPlatforms) = postSolution
		{73BF4A6E-052E-4D61-992A-9F6FAA47B23B}.Debug|Any CPU.ActiveCfg = Debug|Any CPU
		{73BF4A6E-052E-4D61-992A-9F6FAA47B23B}.Debug|Any CPU.Build.0 = Debug|Any CPU
		{73BF4A6E-052E-4D61-992A-9F6FAA47B23B}.Release|Any CPU.ActiveCfg = Release|Any CPU
		{73BF4A6E-052E-4D61-992A-9F6FAA47B23B}.Release|Any CPU.Build.0 = Release|Any CPU
	EndGlobalSection
	GlobalSection(SolutionProperties) = preSolution
		HideSolutionNode = FALSE
	EndGlobalSection
	GlobalSection(ExtensibilityGlobals) = postSolution
		SolutionGuid = {C60E41FC-F7BF-4230-A51F-F3B62D53A111}
	EndGlobalSection
EndGlobal
